
Microsoft Visual Studio Solution File, Format Version 12.00
# Visual Studio Version 17
VisualStudioVersion = 17.11.35219.272
MinimumVisualStudioVersion = 10.0.40219.1
Project("{8BC9CEB8-8B4A-11D0-8D11-00A0C91BC942}") = "skeet", "skeet\skeet.vcxproj", "{BCBC2B45-79A4-42B4-A93F-721E363AEA27}"
EndProject
Project("{8BC9CEB8-8B4A-11D0-8D11-00A0C91BC942}") = "steam", "steam\steam.vcxproj", "{E884FCCB-79D7-4CF5-A09A-4CDD612991FA}"
EndProject
Global
	GlobalSection(SolutionConfigurationPlatforms) = preSolution
		Debug|x64 = Debug|x64
		Debug|x86 = Debug|x86
		Release|x64 = Release|x64
		Release|x86 = Release|x86
	EndGlobalSection
	GlobalSection(ProjectConfigurationPlatforms) = postSolution
		{BCBC2B45-79A4-42B4-A93F-721E363AEA27}.Debug|x64.ActiveCfg = Debug|x64
		{BCBC2B45-79A4-42B4-A93F-721E363AEA27}.Debug|x64.Build.0 = Debug|x64
		{BCBC2B45-79A4-42B4-A93F-721E363AEA27}.Debug|x86.ActiveCfg = Debug|Win32
		{BCBC2B45-79A4-42B4-A93F-721E363AEA27}.Debug|x86.Build.0 = Debug|Win32
		{BCBC2B45-79A4-42B4-A93F-721E363AEA27}.Release|x64.ActiveCfg = Release|x64
		{BCBC2B45-79A4-42B4-A93F-721E363AEA27}.Release|x64.Build.0 = Release|x64
		{BCBC2B45-79A4-42B4-A93F-721E363AEA27}.Release|x86.ActiveCfg = Release|Win32
		{BCBC2B45-79A4-42B4-A93F-721E363AEA27}.Release|x86.Build.0 = Release|Win32
		{E884FCCB-79D7-4CF5-A09A-4CDD612991FA}.Debug|x64.ActiveCfg = Debug|x64
		{E884FCCB-79D7-4CF5-A09A-4CDD612991FA}.Debug|x64.Build.0 = Debug|x64
		{E884FCCB-79D7-4CF5-A09A-4CDD612991FA}.Debug|x86.ActiveCfg = Debug|Win32
		{E884FCCB-79D7-4CF5-A09A-4CDD612991FA}.Debug|x86.Build.0 = Debug|Win32
		{E884FCCB-79D7-4CF5-A09A-4CDD612991FA}.Release|x64.ActiveCfg = Release|x64
		{E884FCCB-79D7-4CF5-A09A-4CDD612991FA}.Release|x64.Build.0 = Release|x64
		{E884FCCB-79D7-4CF5-A09A-4CDD612991FA}.Release|x86.ActiveCfg = Release|Win32
		{E884FCCB-79D7-4CF5-A09A-4CDD612991FA}.Release|x86.Build.0 = Release|Win32
	EndGlobalSection
	GlobalSection(SolutionProperties) = preSolution
		HideSolutionNode = FALSE
	EndGlobalSection
	GlobalSection(ExtensibilityGlobals) = postSolution
		SolutionGuid = {3F4FAF86-5285-477F-AA65-8A027E157239}
	EndGlobalSection
EndGlobal
